{
  "name": "zeta-snm",
  "version": "0.0.0",
  "lockfileVersion": 3,
  "requires": true,
  "packages": {
    "": {
      "name": "zeta-snm",
      "version": "0.0.0",
      "dependencies": {
        "@fortawesome/fontawesome-pro": "^6.4.2",
        "axios": "^1.4.0",
        "core-js": "^3.29.0",
        "js-cookie": "^3.0.5",
        "jwt-decode": "^3.1.2",
        "mitt": "^3.0.1",
        "v-switch-case": "^1.0.3",
        "vue": "^3.3.4",
        "vue-router": "^4.0.0",
        "vuetify": "^3.3.14",
        "vuetify-toast-snackbar": "^0.6.1",
        "webfontloader": "^1.0.0"
      },
      "devDependencies": {
        "@vitejs/plugin-vue": "^4.1.0",
        "sass": "^1.60.0",
        "vite": "^4.3.9",
        "vite-plugin-vuetify": "^1.0.0"
      }
    },
    "node_modules/@babel/parser": {
      "version": "7.22.10",
      "license": "MIT",
      "bin": {
        "parser": "bin/babel-parser.js"
      },
      "engines": {
        "node": ">=6.0.0"
      }
    },
    "node_modules/@esbuild/win32-x64": {
      "version": "0.18.20",
      "cpu": [
        "x64"
      ],
      "license": "MIT",
      "optional": true,
      "os": [
        "win32"
      ],
      "engines": {
        "node": ">=12"
      }
    },
    "node_modules/@fortawesome/fontawesome-pro": {
      "version": "6.4.2",
      "hasInstallScript": true,
      "license": "UNLICENSED",
      "engines": {
        "node": ">=6"
      }
    },
    "node_modules/@jridgewell/sourcemap-codec": {
      "version": "1.4.15",
      "license": "MIT"
    },
    "node_modules/@one-ini/wasm": {
      "version": "0.1.1",
      "license": "MIT"
    },
    "node_modules/@vitejs/plugin-vue": {
      "version": "4.3.2",
      "dev": true,
      "license": "MIT",
      "engines": {
        "node": "^14.18.0 || >=16.0.0"
      },
      "peerDependencies": {
        "vite": "^4.0.0",
        "vue": "^3.2.25"
      }
    },
    "node_modules/@vue/compiler-core": {
      "version": "3.3.4",
      "license": "MIT",
      "dependencies": {
        "@babel/parser": "^7.21.3",
        "@vue/shared": "3.3.4",
        "estree-walker": "^2.0.2",
        "source-map-js": "^1.0.2"
      }
    },
    "node_modules/@vue/compiler-dom": {
      "version": "3.3.4",
      "license": "MIT",
      "dependencies": {
        "@vue/compiler-core": "3.3.4",
        "@vue/shared": "3.3.4"
      }
    },
    "node_modules/@vue/compiler-sfc": {
      "version": "3.3.4",
      "license": "MIT",
      "dependencies": {
        "@babel/parser": "^7.20.15",
        "@vue/compiler-core": "3.3.4",
        "@vue/compiler-dom": "3.3.4",
        "@vue/compiler-ssr": "3.3.4",
        "@vue/reactivity-transform": "3.3.4",
        "@vue/shared": "3.3.4",
        "estree-walker": "^2.0.2",
        "magic-string": "^0.30.0",
        "postcss": "^8.1.10",
        "source-map-js": "^1.0.2"
      }
    },
    "node_modules/@vue/compiler-sfc/node_modules/magic-string": {
      "version": "0.30.3",
      "license": "MIT",
      "dependencies": {
        "@jridgewell/sourcemap-codec": "^1.4.15"
      },
      "engines": {
        "node": ">=12"
      }
    },
    "node_modules/@vue/compiler-ssr": {
      "version": "3.3.4",
      "license": "MIT",
      "dependencies": {
        "@vue/compiler-dom": "3.3.4",
        "@vue/shared": "3.3.4"
      }
    },
    "node_modules/@vue/devtools-api": {
      "version": "6.5.0",
      "license": "MIT"
    },
    "node_modules/@vue/reactivity": {
      "version": "3.3.4",
      "license": "MIT",
      "dependencies": {
        "@vue/shared": "3.3.4"
      }
    },
    "node_modules/@vue/reactivity-transform": {
      "version": "3.3.4",
      "license": "MIT",
      "dependencies": {
        "@babel/parser": "^7.20.15",
        "@vue/compiler-core": "3.3.4",
        "@vue/shared": "3.3.4",
        "estree-walker": "^2.0.2",
        "magic-string": "^0.30.0"
      }
    },
    "node_modules/@vue/reactivity-transform/node_modules/magic-string": {
      "version": "0.30.3",
      "license": "MIT",
      "dependencies": {
        "@jridgewell/sourcemap-codec": "^1.4.15"
      },
      "engines": {
        "node": ">=12"
      }
    },
    "node_modules/@vue/runtime-core": {
      "version": "3.3.4",
      "license": "MIT",
      "dependencies": {
        "@vue/reactivity": "3.3.4",
        "@vue/shared": "3.3.4"
      }
    },
    "node_modules/@vue/runtime-dom": {
      "version": "3.3.4",
      "license": "MIT",
      "dependencies": {
        "@vue/runtime-core": "3.3.4",
        "@vue/shared": "3.3.4",
        "csstype": "^3.1.1"
      }
    },
    "node_modules/@vue/server-renderer": {
      "version": "3.3.4",
      "license": "MIT",
      "dependencies": {
        "@vue/compiler-ssr": "3.3.4",
        "@vue/shared": "3.3.4"
      },
      "peerDependencies": {
        "vue": "3.3.4"
      }
    },
    "node_modules/@vue/shared": {
      "version": "3.3.4",
      "license": "MIT"
    },
    "node_modules/@vuetify/loader-shared": {
      "version": "1.7.1",
      "devOptional": true,
      "license": "MIT",
      "dependencies": {
        "find-cache-dir": "^3.3.2",
        "upath": "^2.0.1"
      },
      "peerDependencies": {
        "vue": "^3.0.0",
        "vuetify": "^3.0.0-beta.4"
      }
    },
    "node_modules/abbrev": {
      "version": "1.1.1",
      "license": "ISC"
    },
    "node_modules/anymatch": {
      "version": "3.1.3",
      "devOptional": true,
      "license": "ISC",
      "dependencies": {
        "normalize-path": "^3.0.0",
        "picomatch": "^2.0.4"
      },
      "engines": {
        "node": ">= 8"
      }
    },
    "node_modules/asynckit": {
      "version": "0.4.0",
      "license": "MIT"
    },
    "node_modules/axios": {
      "version": "1.4.0",
      "license": "MIT",
      "dependencies": {
        "follow-redirects": "^1.15.0",
        "form-data": "^4.0.0",
        "proxy-from-env": "^1.1.0"
      }
    },
    "node_modules/balanced-match": {
      "version": "1.0.2",
      "license": "MIT"
    },
    "node_modules/binary-extensions": {
      "version": "2.2.0",
      "devOptional": true,
      "license": "MIT",
      "engines": {
        "node": ">=8"
      }
    },
    "node_modules/braces": {
      "version": "3.0.2",
      "devOptional": true,
      "license": "MIT",
      "dependencies": {
        "fill-range": "^7.0.1"
      },
      "engines": {
        "node": ">=8"
      }
    },
    "node_modules/chokidar": {
      "version": "3.5.3",
      "devOptional": true,
      "funding": [
        {
          "type": "individual",
          "url": "https://paulmillr.com/funding/"
        }
      ],
      "license": "MIT",
      "dependencies": {
        "anymatch": "~3.1.2",
        "braces": "~3.0.2",
        "glob-parent": "~5.1.2",
        "is-binary-path": "~2.1.0",
        "is-glob": "~4.0.1",
        "normalize-path": "~3.0.0",
        "readdirp": "~3.6.0"
      },
      "engines": {
        "node": ">= 8.10.0"
      },
      "optionalDependencies": {
        "fsevents": "~2.3.2"
      }
    },
    "node_modules/combined-stream": {
      "version": "1.0.8",
      "license": "MIT",
      "dependencies": {
        "delayed-stream": "~1.0.0"
      },
      "engines": {
        "node": ">= 0.8"
      }
    },
    "node_modules/commondir": {
      "version": "1.0.1",
      "devOptional": true,
      "license": "MIT"
    },
    "node_modules/condense-newlines": {
      "version": "0.2.1",
      "license": "MIT",
      "dependencies": {
        "extend-shallow": "^2.0.1",
        "is-whitespace": "^0.3.0",
        "kind-of": "^3.0.2"
      },
      "engines": {
        "node": ">=0.10.0"
      }
    },
    "node_modules/config-chain": {
      "version": "1.1.13",
      "license": "MIT",
      "dependencies": {
        "ini": "^1.3.4",
        "proto-list": "~1.2.1"
      }
    },
    "node_modules/core-js": {
      "version": "3.32.1",
      "hasInstallScript": true,
      "license": "MIT",
      "funding": {
        "type": "opencollective",
        "url": "https://opencollective.com/core-js"
      }
    },
    "node_modules/csstype": {
      "version": "3.1.2",
      "license": "MIT"
    },
    "node_modules/de-indent": {
      "version": "1.0.2",
      "license": "MIT"
    },
    "node_modules/delayed-stream": {
      "version": "1.0.0",
      "license": "MIT",
      "engines": {
        "node": ">=0.4.0"
      }
    },
    "node_modules/dom-event-types": {
      "version": "1.1.0",
      "license": "MIT"
    },
    "node_modules/editorconfig": {
      "version": "1.0.4",
      "license": "MIT",
      "dependencies": {
        "@one-ini/wasm": "0.1.1",
        "commander": "^10.0.0",
        "minimatch": "9.0.1",
        "semver": "^7.5.3"
      },
      "bin": {
        "editorconfig": "bin/editorconfig"
      },
      "engines": {
        "node": ">=14"
      }
    },
    "node_modules/editorconfig/node_modules/brace-expansion": {
      "version": "2.0.1",
      "license": "MIT",
      "dependencies": {
        "balanced-match": "^1.0.0"
      }
    },
    "node_modules/editorconfig/node_modules/commander": {
      "version": "10.0.1",
      "license": "MIT",
      "engines": {
        "node": ">=14"
      }
    },
    "node_modules/editorconfig/node_modules/minimatch": {
      "version": "9.0.1",
      "license": "ISC",
      "dependencies": {
        "brace-expansion": "^2.0.1"
      },
      "engines": {
        "node": ">=16 || 14 >=14.17"
      },
      "funding": {
        "url": "https://github.com/sponsors/isaacs"
      }
    },
    "node_modules/esbuild": {
      "version": "0.18.20",
      "devOptional": true,
      "hasInstallScript": true,
      "license": "MIT",
      "bin": {
        "esbuild": "bin/esbuild"
      },
      "engines": {
        "node": ">=12"
      },
      "optionalDependencies": {
        "@esbuild/android-arm": "0.18.20",
        "@esbuild/android-arm64": "0.18.20",
        "@esbuild/android-x64": "0.18.20",
        "@esbuild/darwin-arm64": "0.18.20",
        "@esbuild/darwin-x64": "0.18.20",
        "@esbuild/freebsd-arm64": "0.18.20",
        "@esbuild/freebsd-x64": "0.18.20",
        "@esbuild/linux-arm": "0.18.20",
        "@esbuild/linux-arm64": "0.18.20",
        "@esbuild/linux-ia32": "0.18.20",
        "@esbuild/linux-loong64": "0.18.20",
        "@esbuild/linux-mips64el": "0.18.20",
        "@esbuild/linux-ppc64": "0.18.20",
        "@esbuild/linux-riscv64": "0.18.20",
        "@esbuild/linux-s390x": "0.18.20",
        "@esbuild/linux-x64": "0.18.20",
        "@esbuild/netbsd-x64": "0.18.20",
        "@esbuild/openbsd-x64": "0.18.20",
        "@esbuild/sunos-x64": "0.18.20",
        "@esbuild/win32-arm64": "0.18.20",
        "@esbuild/win32-ia32": "0.18.20",
        "@esbuild/win32-x64": "0.18.20"
      }
    },
    "node_modules/estree-walker": {
      "version": "2.0.2",
      "license": "MIT"
    },
    "node_modules/extend-shallow": {
      "version": "2.0.1",
      "license": "MIT",
      "dependencies": {
        "is-extendable": "^0.1.0"
      },
      "engines": {
        "node": ">=0.10.0"
      }
    },
    "node_modules/fill-range": {
      "version": "7.0.1",
      "devOptional": true,
      "license": "MIT",
      "dependencies": {
        "to-regex-range": "^5.0.1"
      },
      "engines": {
        "node": ">=8"
      }
    },
    "node_modules/find-cache-dir": {
      "version": "3.3.2",
      "devOptional": true,
      "license": "MIT",
      "dependencies": {
        "commondir": "^1.0.1",
        "make-dir": "^3.0.2",
        "pkg-dir": "^4.1.0"
      },
      "engines": {
        "node": ">=8"
      },
      "funding": {
        "url": "https://github.com/avajs/find-cache-dir?sponsor=1"
      }
    },
    "node_modules/find-up": {
      "version": "4.1.0",
      "devOptional": true,
      "license": "MIT",
      "dependencies": {
        "locate-path": "^5.0.0",
        "path-exists": "^4.0.0"
      },
      "engines": {
        "node": ">=8"
      }
    },
    "node_modules/follow-redirects": {
      "version": "1.15.2",
      "funding": [
        {
          "type": "individual",
          "url": "https://github.com/sponsors/RubenVerborgh"
        }
      ],
      "license": "MIT",
      "engines": {
        "node": ">=4.0"
      },
      "peerDependenciesMeta": {
        "debug": {
          "optional": true
        }
      }
    },
    "node_modules/form-data": {
      "version": "4.0.0",
      "license": "MIT",
      "dependencies": {
        "asynckit": "^0.4.0",
        "combined-stream": "^1.0.8",
        "mime-types": "^2.1.12"
      },
      "engines": {
        "node": ">= 6"
      }
    },
    "node_modules/fs.realpath": {
      "version": "1.0.0",
      "license": "ISC"
    },
    "node_modules/glob-parent": {
      "version": "5.1.2",
      "devOptional": true,
      "license": "ISC",
      "dependencies": {
        "is-glob": "^4.0.1"
      },
      "engines": {
        "node": ">= 6"
      }
    },
    "node_modules/he": {
      "version": "1.2.0",
      "license": "MIT",
      "bin": {
        "he": "bin/he"
      }
    },
    "node_modules/immutable": {
      "version": "4.3.2",
      "devOptional": true,
      "license": "MIT"
    },
    "node_modules/inflight": {
      "version": "1.0.6",
      "license": "ISC",
      "dependencies": {
        "once": "^1.3.0",
        "wrappy": "1"
      }
    },
    "node_modules/inherits": {
      "version": "2.0.4",
      "license": "ISC"
    },
    "node_modules/ini": {
      "version": "1.3.8",
      "license": "ISC"
    },
    "node_modules/is-binary-path": {
      "version": "2.1.0",
      "devOptional": true,
      "license": "MIT",
      "dependencies": {
        "binary-extensions": "^2.0.0"
      },
      "engines": {
        "node": ">=8"
      }
    },
    "node_modules/is-buffer": {
      "version": "1.1.6",
      "license": "MIT"
    },
    "node_modules/is-extendable": {
      "version": "0.1.1",
      "license": "MIT",
      "engines": {
        "node": ">=0.10.0"
      }
    },
    "node_modules/is-extglob": {
      "version": "2.1.1",
      "devOptional": true,
      "license": "MIT",
      "engines": {
        "node": ">=0.10.0"
      }
    },
    "node_modules/is-glob": {
      "version": "4.0.3",
      "devOptional": true,
      "license": "MIT",
      "dependencies": {
        "is-extglob": "^2.1.1"
      },
      "engines": {
        "node": ">=0.10.0"
      }
    },
    "node_modules/is-number": {
      "version": "7.0.0",
      "devOptional": true,
      "license": "MIT",
      "engines": {
        "node": ">=0.12.0"
      }
    },
    "node_modules/is-whitespace": {
      "version": "0.3.0",
      "license": "MIT",
      "engines": {
        "node": ">=0.10.0"
      }
    },
    "node_modules/js-beautify": {
      "version": "1.14.9",
      "license": "MIT",
      "dependencies": {
        "config-chain": "^1.1.13",
        "editorconfig": "^1.0.3",
        "glob": "^8.1.0",
        "nopt": "^6.0.0"
      },
      "bin": {
        "css-beautify": "js/bin/css-beautify.js",
        "html-beautify": "js/bin/html-beautify.js",
        "js-beautify": "js/bin/js-beautify.js"
      },
      "engines": {
        "node": ">=12"
      }
    },
    "node_modules/js-beautify/node_modules/brace-expansion": {
      "version": "2.0.1",
      "license": "MIT",
      "dependencies": {
        "balanced-match": "^1.0.0"
      }
    },
    "node_modules/js-beautify/node_modules/glob": {
      "version": "8.1.0",
      "license": "ISC",
      "dependencies": {
        "fs.realpath": "^1.0.0",
        "inflight": "^1.0.4",
        "inherits": "2",
        "minimatch": "^5.0.1",
        "once": "^1.3.0"
      },
      "engines": {
        "node": ">=12"
      },
      "funding": {
        "url": "https://github.com/sponsors/isaacs"
      }
    },
    "node_modules/js-beautify/node_modules/minimatch": {
      "version": "5.1.6",
      "license": "ISC",
      "dependencies": {
        "brace-expansion": "^2.0.1"
      },
      "engines": {
        "node": ">=10"
      }
    },
    "node_modules/js-cookie": {
      "version": "3.0.5",
      "license": "MIT",
      "engines": {
        "node": ">=14"
      }
    },
    "node_modules/jwt-decode": {
      "version": "3.1.2",
      "license": "MIT"
    },
    "node_modules/kind-of": {
      "version": "3.2.2",
      "license": "MIT",
      "dependencies": {
        "is-buffer": "^1.1.5"
      },
      "engines": {
        "node": ">=0.10.0"
      }
    },
    "node_modules/locate-path": {
      "version": "5.0.0",
      "devOptional": true,
      "license": "MIT",
      "dependencies": {
        "p-locate": "^4.1.0"
      },
      "engines": {
        "node": ">=8"
      }
    },
    "node_modules/lodash": {
      "version": "4.17.21",
      "license": "MIT"
    },
    "node_modules/lru-cache": {
      "version": "6.0.0",
      "license": "ISC",
      "dependencies": {
        "yallist": "^4.0.0"
      },
      "engines": {
        "node": ">=10"
      }
    },
    "node_modules/make-dir": {
      "version": "3.1.0",
      "devOptional": true,
      "license": "MIT",
      "dependencies": {
        "semver": "^6.0.0"
      },
      "engines": {
        "node": ">=8"
      },
      "funding": {
        "url": "https://github.com/sponsors/sindresorhus"
      }
    },
    "node_modules/make-dir/node_modules/semver": {
      "version": "6.3.1",
      "devOptional": true,
      "license": "ISC",
      "bin": {
        "semver": "bin/semver.js"
      }
    },
    "node_modules/mime-db": {
      "version": "1.52.0",
      "license": "MIT",
      "engines": {
        "node": ">= 0.6"
      }
    },
    "node_modules/mime-types": {
      "version": "2.1.35",
      "license": "MIT",
      "dependencies": {
        "mime-db": "1.52.0"
      },
      "engines": {
        "node": ">= 0.6"
      }
    },
    "node_modules/mitt": {
      "version": "3.0.1",
      "license": "MIT"
    },
    "node_modules/nanoid": {
      "version": "3.3.6",
      "funding": [
        {
          "type": "github",
          "url": "https://github.com/sponsors/ai"
        }
      ],
      "license": "MIT",
      "bin": {
        "nanoid": "bin/nanoid.cjs"
      },
      "engines": {
        "node": "^10 || ^12 || ^13.7 || ^14 || >=15.0.1"
      }
    },
    "node_modules/nopt": {
      "version": "6.0.0",
      "license": "ISC",
      "dependencies": {
        "abbrev": "^1.0.0"
      },
      "bin": {
        "nopt": "bin/nopt.js"
      },
      "engines": {
        "node": "^12.13.0 || ^14.15.0 || >=16.0.0"
      }
    },
    "node_modules/normalize-path": {
      "version": "3.0.0",
      "devOptional": true,
      "license": "MIT",
      "engines": {
        "node": ">=0.10.0"
      }
    },
    "node_modules/once": {
      "version": "1.4.0",
      "license": "ISC",
      "dependencies": {
        "wrappy": "1"
      }
    },
    "node_modules/p-limit": {
      "version": "2.3.0",
      "devOptional": true,
      "license": "MIT",
      "dependencies": {
        "p-try": "^2.0.0"
      },
      "engines": {
        "node": ">=6"
      },
      "funding": {
        "url": "https://github.com/sponsors/sindresorhus"
      }
    },
    "node_modules/p-locate": {
      "version": "4.1.0",
      "devOptional": true,
      "license": "MIT",
      "dependencies": {
        "p-limit": "^2.2.0"
      },
      "engines": {
        "node": ">=8"
      }
    },
    "node_modules/p-try": {
      "version": "2.2.0",
      "devOptional": true,
      "license": "MIT",
      "engines": {
        "node": ">=6"
      }
    },
    "node_modules/path-exists": {
      "version": "4.0.0",
      "devOptional": true,
      "license": "MIT",
      "engines": {
        "node": ">=8"
      }
    },
    "node_modules/picocolors": {
      "version": "1.0.0",
      "license": "ISC"
    },
    "node_modules/picomatch": {
      "version": "2.3.1",
      "devOptional": true,
      "license": "MIT",
      "engines": {
        "node": ">=8.6"
      },
      "funding": {
        "url": "https://github.com/sponsors/jonschlinkert"
      }
    },
    "node_modules/pkg-dir": {
      "version": "4.2.0",
      "devOptional": true,
      "license": "MIT",
      "dependencies": {
        "find-up": "^4.0.0"
      },
      "engines": {
        "node": ">=8"
      }
    },
    "node_modules/postcss": {
      "version": "8.4.28",
      "funding": [
        {
          "type": "opencollective",
          "url": "https://opencollective.com/postcss/"
        },
        {
          "type": "tidelift",
          "url": "https://tidelift.com/funding/github/npm/postcss"
        },
        {
          "type": "github",
          "url": "https://github.com/sponsors/ai"
        }
      ],
      "license": "MIT",
      "dependencies": {
        "nanoid": "^3.3.6",
        "picocolors": "^1.0.0",
        "source-map-js": "^1.0.2"
      },
      "engines": {
        "node": "^10 || ^12 || >=14"
      }
    },
    "node_modules/pretty": {
      "version": "2.0.0",
      "license": "MIT",
      "dependencies": {
        "condense-newlines": "^0.2.1",
        "extend-shallow": "^2.0.1",
        "js-beautify": "^1.6.12"
      },
      "engines": {
        "node": ">=0.10.0"
      }
    },
    "node_modules/proto-list": {
      "version": "1.2.4",
      "license": "ISC"
    },
    "node_modules/proxy-from-env": {
      "version": "1.1.0",
      "license": "MIT"
    },
    "node_modules/readdirp": {
      "version": "3.6.0",
      "devOptional": true,
      "license": "MIT",
      "dependencies": {
        "picomatch": "^2.2.1"
      },
      "engines": {
        "node": ">=8.10.0"
      }
    },
    "node_modules/rollup": {
      "version": "3.28.0",
      "devOptional": true,
      "license": "MIT",
      "bin": {
        "rollup": "dist/bin/rollup"
      },
      "engines": {
        "node": ">=14.18.0",
        "npm": ">=8.0.0"
      },
      "optionalDependencies": {
        "fsevents": "~2.3.2"
      }
    },
    "node_modules/sass": {
      "version": "1.66.1",
      "devOptional": true,
      "license": "MIT",
      "dependencies": {
        "chokidar": ">=3.0.0 <4.0.0",
        "immutable": "^4.0.0",
        "source-map-js": ">=0.6.2 <2.0.0"
      },
      "bin": {
        "sass": "sass.js"
      },
      "engines": {
        "node": ">=14.0.0"
      }
    },
    "node_modules/semver": {
      "version": "7.5.4",
      "license": "ISC",
      "dependencies": {
        "lru-cache": "^6.0.0"
      },
      "bin": {
        "semver": "bin/semver.js"
      },
      "engines": {
        "node": ">=10"
      }
    },
    "node_modules/source-map-js": {
      "version": "1.0.2",
      "license": "BSD-3-Clause",
      "engines": {
        "node": ">=0.10.0"
      }
    },
    "node_modules/to-regex-range": {
      "version": "5.0.1",
      "devOptional": true,
      "license": "MIT",
      "dependencies": {
        "is-number": "^7.0.0"
      },
      "engines": {
        "node": ">=8.0"
      }
    },
    "node_modules/upath": {
      "version": "2.0.1",
      "devOptional": true,
      "license": "MIT",
      "engines": {
        "node": ">=4",
        "yarn": "*"
      }
    },
    "node_modules/v-switch-case": {
      "version": "1.0.3",
      "license": "MIT",
      "dependencies": {
        "@vue/test-utils": "^1.0.0-beta.16",
        "vue": "^2.5.16",
        "vue-template-compiler": "^2.5.16"
      }
    },
    "node_modules/v-switch-case/node_modules/@vue/compiler-sfc": {
      "version": "2.7.14",
      "dependencies": {
        "@babel/parser": "^7.18.4",
        "postcss": "^8.4.14",
        "source-map": "^0.6.1"
      }
    },
    "node_modules/v-switch-case/node_modules/@vue/test-utils": {
      "version": "1.3.6",
      "license": "MIT",
      "dependencies": {
        "dom-event-types": "^1.0.0",
        "lodash": "^4.17.15",
        "pretty": "^2.0.0"
      },
      "peerDependencies": {
        "vue": "2.x",
        "vue-template-compiler": "^2.x"
      }
    },
    "node_modules/v-switch-case/node_modules/source-map": {
      "version": "0.6.1",
      "license": "BSD-3-Clause",
      "engines": {
        "node": ">=0.10.0"
      }
    },
    "node_modules/v-switch-case/node_modules/vue": {
      "version": "2.7.14",
      "license": "MIT",
      "dependencies": {
        "@vue/compiler-sfc": "2.7.14",
        "csstype": "^3.1.0"
      }
    },
    "node_modules/vite": {
      "version": "4.4.9",
      "devOptional": true,
      "license": "MIT",
      "dependencies": {
        "esbuild": "^0.18.10",
        "postcss": "^8.4.27",
        "rollup": "^3.27.1"
      },
      "bin": {
        "vite": "bin/vite.js"
      },
      "engines": {
        "node": "^14.18.0 || >=16.0.0"
      },
      "funding": {
        "url": "https://github.com/vitejs/vite?sponsor=1"
      },
      "optionalDependencies": {
        "fsevents": "~2.3.2"
      },
      "peerDependencies": {
        "@types/node": ">= 14",
        "less": "*",
        "lightningcss": "^1.21.0",
        "sass": "*",
        "stylus": "*",
        "sugarss": "*",
        "terser": "^5.4.0"
      },
      "peerDependenciesMeta": {
        "@types/node": {
          "optional": true
        },
        "less": {
          "optional": true
        },
        "lightningcss": {
          "optional": true
        },
        "sass": {
          "optional": true
        },
        "stylus": {
          "optional": true
        },
        "sugarss": {
          "optional": true
        },
        "terser": {
          "optional": true
        }
      }
    },
    "node_modules/vite-plugin-vuetify": {
      "version": "1.0.2",
      "devOptional": true,
      "license": "MIT",
      "dependencies": {
        "@vuetify/loader-shared": "^1.7.1",
        "debug": "^4.3.3",
        "upath": "^2.0.1"
      },
      "engines": {
        "node": ">=12"
      },
      "peerDependencies": {
        "vite": "^2.7.0 || ^3.0.0 || ^4.0.0",
        "vuetify": "^3.0.0-beta.4"
      }
    },
    "node_modules/vite-plugin-vuetify/node_modules/debug": {
      "version": "4.3.4",
      "devOptional": true,
      "license": "MIT",
      "dependencies": {
        "ms": "2.1.2"
      },
      "engines": {
        "node": ">=6.0"
      },
      "peerDependenciesMeta": {
        "supports-color": {
          "optional": true
        }
      }
    },
    "node_modules/vite-plugin-vuetify/node_modules/ms": {
      "version": "2.1.2",
      "devOptional": true,
      "license": "MIT"
    },
    "node_modules/vue": {
      "version": "3.3.4",
      "license": "MIT",
      "dependencies": {
        "@vue/compiler-dom": "3.3.4",
        "@vue/compiler-sfc": "3.3.4",
        "@vue/runtime-dom": "3.3.4",
        "@vue/server-renderer": "3.3.4",
        "@vue/shared": "3.3.4"
      }
    },
    "node_modules/vue-router": {
      "version": "4.2.4",
      "license": "MIT",
      "dependencies": {
        "@vue/devtools-api": "^6.5.0"
      },
      "funding": {
        "url": "https://github.com/sponsors/posva"
      },
      "peerDependencies": {
        "vue": "^3.2.0"
      }
    },
    "node_modules/vue-template-compiler": {
      "version": "2.7.14",
      "license": "MIT",
      "dependencies": {
        "de-indent": "^1.0.2",
        "he": "^1.2.0"
      }
    },
    "node_modules/vuetify": {
      "version": "3.3.14",
      "license": "MIT",
      "engines": {
        "node": "^12.20 || >=14.13"
      },
      "funding": {
        "type": "github",
        "url": "https://github.com/sponsors/johnleider"
      },
      "peerDependencies": {
        "typescript": ">=4.7",
        "vite-plugin-vuetify": "^1.0.0-alpha.12",
        "vue": "^3.2.0",
        "vue-i18n": "^9.0.0",
        "webpack-plugin-vuetify": "^2.0.0-alpha.11"
      },
      "peerDependenciesMeta": {
        "typescript": {
          "optional": true
        },
        "vite-plugin-vuetify": {
          "optional": true
        },
        "vue-i18n": {
          "optional": true
        },
        "webpack-plugin-vuetify": {
          "optional": true
        }
      }
    },
    "node_modules/vuetify-toast-snackbar": {
      "version": "0.6.1",
      "license": "MIT",
      "peerDependencies": {
        "vue": "*",
        "vuetify": "*"
      }
    },
    "node_modules/webfontloader": {
      "version": "1.6.28",
      "license": "Apache-2.0"
    },
    "node_modules/wrappy": {
      "version": "1.0.2",
      "license": "ISC"
    },
    "node_modules/yallist": {
      "version": "4.0.0",
      "license": "ISC"
    }
  }
}
